
Microsoft Visual Studio Solution File, Format Version 12.00
Project("{FAE04EC0-301F-11D3-BF4B-00C04F79EFBC}") = "WSE Case Study", "WSE Case Study\WSE Case Study.csproj", "{FE45E665-7F52-4D9F-A4B9-B2BD145FD058}"
EndProject
Global
	GlobalSection(SolutionConfigurationPlatforms) = preSolution
		Debug|Any CPU = Debug|Any CPU
		Release|Any CPU = Release|Any CPU
	EndGlobalSection
	GlobalSection(ProjectConfigurationPlatforms) = postSolution
		{FE45E665-7F52-4D9F-A4B9-B2BD145FD058}.Debug|Any CPU.ActiveCfg = Debug|Any CPU
		{FE45E665-7F52-4D9F-A4B9-B2BD145FD058}.Debug|Any CPU.Build.0 = Debug|Any CPU
		{FE45E665-7F52-4D9F-A4B9-B2BD145FD058}.Release|Any CPU.ActiveCfg = Release|Any CPU
		{FE45E665-7F52-4D9F-A4B9-B2BD145FD058}.Release|Any CPU.Build.0 = Release|Any CPU
	EndGlobalSection
EndGlobal
